
Microsoft Visual Studio Solution File, Format Version 12.00
# Visual Studio Version 16
VisualStudioVersion = 16.0.30114.105
MinimumVisualStudioVersion = 10.0.40219.1
Project("{FAE04EC0-301F-11D3-BF4B-00C04F79EFBC}") = "DarseNizami", "DarseNizami.csproj", "{F3ADC20C-F569-44FA-A51E-A8A932D743B0}"
EndProject
Global
	GlobalSection(SolutionConfigurationPlatforms) = preSolution
		Debug|Any CPU = Debug|Any CPU
		Release|Any CPU = Release|Any CPU
	EndGlobalSection
	GlobalSection(ProjectConfigurationPlatforms) = postSolution
		{F3ADC20C-F569-44FA-A51E-A8A932D743B0}.Debug|Any CPU.ActiveCfg = Debug|Any CPU
		{F3ADC20C-F569-44FA-A51E-A8A932D743B0}.Debug|Any CPU.Build.0 = Debug|Any CPU
		{F3ADC20C-F569-44FA-A51E-A8A932D743B0}.Release|Any CPU.ActiveCfg = Release|Any CPU
		{F3ADC20C-F569-44FA-A51E-A8A932D743B0}.Release|Any CPU.Build.0 = Release|Any CPU
	EndGlobalSection
	GlobalSection(SolutionProperties) = preSolution
		HideSolutionNode = FALSE
	EndGlobalSection
	GlobalSection(ExtensibilityGlobals) = postSolution
		SolutionGuid = {A03C7953-ABE8-416D-85EF-73653FDF174F}
	EndGlobalSection
EndGlobal
